
Microsoft Visual Studio Solution File, Format Version 12.00
# Visual Studio 2015
Project("{FAE04EC0-301F-11D3-BF4B-00C04F79EFBC}") = "Project-shooting.Plugins", "Project-shooting.Plugins.csproj", "{7CB1DF74-DD5A-F473-84FE-4B3FCEADF075}"
EndProject
Project("{FAE04EC0-301F-11D3-BF4B-00C04F79EFBC}") = "Project-shooting", "Project-shooting.csproj", "{57EA7470-C4CF-FFE3-9A2E-BBB219E7D9B0}"
EndProject
Project("{FAE04EC0-301F-11D3-BF4B-00C04F79EFBC}") = "Project-shooting.Editor", "Project-shooting.Editor.csproj", "{39CDFAA2-B8A1-E530-3B67-7403F31CC298}"
EndProject
Project("{FAE04EC0-301F-11D3-BF4B-00C04F79EFBC}") = "Project-shooting.Editor.Plugins", "Project-shooting.Editor.Plugins.csproj", "{C6EFCC22-71A4-6462-4173-02FCE3218F69}"
EndProject
Global
	GlobalSection(SolutionConfigurationPlatforms) = preSolution
		Debug|Any CPU = Debug|Any CPU
		Release|Any CPU = Release|Any CPU
	EndGlobalSection
	GlobalSection(ProjectConfigurationPlatforms) = postSolution
		{7CB1DF74-DD5A-F473-84FE-4B3FCEADF075}.Debug|Any CPU.ActiveCfg = Debug|Any CPU
		{7CB1DF74-DD5A-F473-84FE-4B3FCEADF075}.Debug|Any CPU.Build.0 = Debug|Any CPU
		{7CB1DF74-DD5A-F473-84FE-4B3FCEADF075}.Release|Any CPU.ActiveCfg = Release|Any CPU
		{7CB1DF74-DD5A-F473-84FE-4B3FCEADF075}.Release|Any CPU.Build.0 = Release|Any CPU
		{57EA7470-C4CF-FFE3-9A2E-BBB219E7D9B0}.Debug|Any CPU.ActiveCfg = Debug|Any CPU
		{57EA7470-C4CF-FFE3-9A2E-BBB219E7D9B0}.Debug|Any CPU.Build.0 = Debug|Any CPU
		{57EA7470-C4CF-FFE3-9A2E-BBB219E7D9B0}.Release|Any CPU.ActiveCfg = Release|Any CPU
		{57EA7470-C4CF-FFE3-9A2E-BBB219E7D9B0}.Release|Any CPU.Build.0 = Release|Any CPU
		{39CDFAA2-B8A1-E530-3B67-7403F31CC298}.Debug|Any CPU.ActiveCfg = Debug|Any CPU
		{39CDFAA2-B8A1-E530-3B67-7403F31CC298}.Debug|Any CPU.Build.0 = Debug|Any CPU
		{39CDFAA2-B8A1-E530-3B67-7403F31CC298}.Release|Any CPU.ActiveCfg = Release|Any CPU
		{39CDFAA2-B8A1-E530-3B67-7403F31CC298}.Release|Any CPU.Build.0 = Release|Any CPU
		{C6EFCC22-71A4-6462-4173-02FCE3218F69}.Debug|Any CPU.ActiveCfg = Debug|Any CPU
		{C6EFCC22-71A4-6462-4173-02FCE3218F69}.Debug|Any CPU.Build.0 = Debug|Any CPU
		{C6EFCC22-71A4-6462-4173-02FCE3218F69}.Release|Any CPU.ActiveCfg = Release|Any CPU
		{C6EFCC22-71A4-6462-4173-02FCE3218F69}.Release|Any CPU.Build.0 = Release|Any CPU
	EndGlobalSection
	GlobalSection(SolutionProperties) = preSolution
		HideSolutionNode = FALSE
	EndGlobalSection
EndGlobal
